// !$*UTF8*$!
{
	archiveVersion = 1;
	classes = {
	};
	objectVersion = 46;
	objects = {

/* Begin PBXBuildFile section */
		6F2B9BABB11A3A8C45543E9E /* Pods_BPMTests.framework in Frameworks */ = {isa = PBXBuildFile; fileRef = BC5E8EEDB436FE20543F6267 /* Pods_BPMTests.framework */; };
		961D7A7D1CB9774B007BA96C /* BMButton.swift in Sources */ = {isa = PBXBuildFile; fileRef = 961D7A7C1CB9774B007BA96C /* BMButton.swift */; };
		9625F1D61CB8A223007D2041 /* AppDelegate.swift in Sources */ = {isa = PBXBuildFile; fileRef = 9625F1D51CB8A223007D2041 /* AppDelegate.swift */; };
		9625F1D81CB8A223007D2041 /* MainViewController.swift in Sources */ = {isa = PBXBuildFile; fileRef = 9625F1D71CB8A223007D2041 /* MainViewController.swift */; };
		9625F1DB1CB8A223007D2041 /* Main.storyboard in Resources */ = {isa = PBXBuildFile; fileRef = 9625F1D91CB8A223007D2041 /* Main.storyboard */; };
		9625F1DD1CB8A223007D2041 /* Assets.xcassets in Resources */ = {isa = PBXBuildFile; fileRef = 9625F1DC1CB8A223007D2041 /* Assets.xcassets */; };
		9625F1E01CB8A223007D2041 /* LaunchScreen.storyboard in Resources */ = {isa = PBXBuildFile; fileRef = 9625F1DE1CB8A223007D2041 /* LaunchScreen.storyboard */; };
		96CB9E481CBA1A8400D82534 /* Style.swift in Sources */ = {isa = PBXBuildFile; fileRef = 96CB9E471CBA1A8400D82534 /* Style.swift */; };
		96F25BDE1CF6D70300AF74C9 /* SettingsViewController.swift in Sources */ = {isa = PBXBuildFile; fileRef = 96F25BDD1CF6D70300AF74C9 /* SettingsViewController.swift */; };
		9DAEA7507245670B9D18FDCD /* Pods_BPM.framework in Frameworks */ = {isa = PBXBuildFile; fileRef = EBA2E07A1AA2130DAA9E0549 /* Pods_BPM.framework */; };
		B08D6C5F3522A5E3DE4B3522 /* Pods_BPMUITests.framework in Frameworks */ = {isa = PBXBuildFile; fileRef = A4CB443782A033BD9B175505 /* Pods_BPMUITests.framework */; };
/* End PBXBuildFile section */

/* Begin PBXContainerItemProxy section */
		9625F1E71CB8A224007D2041 /* PBXContainerItemProxy */ = {
			isa = PBXContainerItemProxy;
			containerPortal = 9625F1CA1CB8A223007D2041 /* Project object */;
			proxyType = 1;
			remoteGlobalIDString = 9625F1D11CB8A223007D2041;
			remoteInfo = BPM;
		};
		9625F1F21CB8A224007D2041 /* PBXContainerItemProxy */ = {
			isa = PBXContainerItemProxy;
			containerPortal = 9625F1CA1CB8A223007D2041 /* Project object */;
			proxyType = 1;
			remoteGlobalIDString = 9625F1D11CB8A223007D2041;
			remoteInfo = BPM;
		};
/* End PBXContainerItemProxy section */

/* Begin PBXFileReference section */
		2FAFD5F7A368841096577CA2 /* Pods-BPMTests.release.xcconfig */ = {isa = PBXFileReference; includeInIndex = 1; lastKnownFileType = text.xcconfig; name = "Pods-BPMTests.release.xcconfig"; path = "Pods/Target Support Files/Pods-BPMTests/Pods-BPMTests.release.xcconfig"; sourceTree = "<group>"; };
		4FA07CE5331103103505C6E1 /* Pods-BPM.debug.xcconfig */ = {isa = PBXFileReference; includeInIndex = 1; lastKnownFileType = text.xcconfig; name = "Pods-BPM.debug.xcconfig"; path = "Pods/Target Support Files/Pods-BPM/Pods-BPM.debug.xcconfig"; sourceTree = "<group>"; };
		744542B08F77740F733A7AD0 /* Pods-BPM.release.xcconfig */ = {isa = PBXFileReference; includeInIndex = 1; lastKnownFileType = text.xcconfig; name = "Pods-BPM.release.xcconfig"; path = "Pods/Target Support Files/Pods-BPM/Pods-BPM.release.xcconfig"; sourceTree = "<group>"; };
		961D7A7C1CB9774B007BA96C /* BMButton.swift */ = {isa = PBXFileReference; fileEncoding = 4; lastKnownFileType = sourcecode.swift; path = BMButton.swift; sourceTree = "<group>"; };
		9625F1D21CB8A223007D2041 /* BPM.app */ = {isa = PBXFileReference; explicitFileType = wrapper.application; includeInIndex = 0; path = BPM.app; sourceTree = BUILT_PRODUCTS_DIR; };
		9625F1D51CB8A223007D2041 /* AppDelegate.swift */ = {isa = PBXFileReference; lastKnownFileType = sourcecode.swift; path = AppDelegate.swift; sourceTree = "<group>"; };
		9625F1D71CB8A223007D2041 /* MainViewController.swift */ = {isa = PBXFileReference; lastKnownFileType = sourcecode.swift; path = MainViewController.swift; sourceTree = "<group>"; };
		9625F1DA1CB8A223007D2041 /* Base */ = {isa = PBXFileReference; lastKnownFileType = file.storyboard; name = Base; path = Base.lproj/Main.storyboard; sourceTree = "<group>"; };
		9625F1DC1CB8A223007D2041 /* Assets.xcassets */ = {isa = PBXFileReference; lastKnownFileType = folder.assetcatalog; path = Assets.xcassets; sourceTree = "<group>"; };
		9625F1DF1CB8A223007D2041 /* Base */ = {isa = PBXFileReference; lastKnownFileType = file.storyboard; name = Base; path = Base.lproj/LaunchScreen.storyboard; sourceTree = "<group>"; };
		9625F1E11CB8A223007D2041 /* Info.plist */ = {isa = PBXFileReference; lastKnownFileType = text.plist.xml; path = Info.plist; sourceTree = "<group>"; };
		9625F1E61CB8A224007D2041 /* BPMTests.xctest */ = {isa = PBXFileReference; explicitFileType = wrapper.cfbundle; includeInIndex = 0; path = BPMTests.xctest; sourceTree = BUILT_PRODUCTS_DIR; };
		9625F1F11CB8A224007D2041 /* BPMUITests.xctest */ = {isa = PBXFileReference; explicitFileType = wrapper.cfbundle; includeInIndex = 0; path = BPMUITests.xctest; sourceTree = BUILT_PRODUCTS_DIR; };
		96CB9E471CBA1A8400D82534 /* Style.swift */ = {isa = PBXFileReference; fileEncoding = 4; lastKnownFileType = sourcecode.swift; path = Style.swift; sourceTree = "<group>"; };
		96F25BDD1CF6D70300AF74C9 /* SettingsViewController.swift */ = {isa = PBXFileReference; fileEncoding = 4; lastKnownFileType = sourcecode.swift; path = SettingsViewController.swift; sourceTree = "<group>"; };
		A2BD5F8BF484A8DA5B2A6351 /* Pods-BPMUITests.debug.xcconfig */ = {isa = PBXFileReference; includeInIndex = 1; lastKnownFileType = text.xcconfig; name = "Pods-BPMUITests.debug.xcconfig"; path = "Pods/Target Support Files/Pods-BPMUITests/Pods-BPMUITests.debug.xcconfig"; sourceTree = "<group>"; };
		A4CB443782A033BD9B175505 /* Pods_BPMUITests.framework */ = {isa = PBXFileReference; explicitFileType = wrapper.framework; includeInIndex = 0; path = Pods_BPMUITests.framework; sourceTree = BUILT_PRODUCTS_DIR; };
		BC5E8EEDB436FE20543F6267 /* Pods_BPMTests.framework */ = {isa = PBXFileReference; explicitFileType = wrapper.framework; includeInIndex = 0; path = Pods_BPMTests.framework; sourceTree = BUILT_PRODUCTS_DIR; };
		E653039790D1BEA8F11FFCBD /* Pods-BPMUITests.release.xcconfig */ = {isa = PBXFileReference; includeInIndex = 1; lastKnownFileType = text.xcconfig; name = "Pods-BPMUITests.release.xcconfig"; path = "Pods/Target Support Files/Pods-BPMUITests/Pods-BPMUITests.release.xcconfig"; sourceTree = "<group>"; };
		EBA2E07A1AA2130DAA9E0549 /* Pods_BPM.framework */ = {isa = PBXFileReference; explicitFileType = wrapper.framework; includeInIndex = 0; path = Pods_BPM.framework; sourceTree = BUILT_PRODUCTS_DIR; };
		FE2F262E98675B41B0FC5D2E /* Pods-BPMTests.debug.xcconfig */ = {isa = PBXFileReference; includeInIndex = 1; lastKnownFileType = text.xcconfig; name = "Pods-BPMTests.debug.xcconfig"; path = "Pods/Target Support Files/Pods-BPMTests/Pods-BPMTests.debug.xcconfig"; sourceTree = "<group>"; };
/* End PBXFileReference section */

/* Begin PBXFrameworksBuildPhase section */
		9625F1CF1CB8A223007D2041 /* Frameworks */ = {
			isa = PBXFrameworksBuildPhase;
			buildActionMask = 2147483647;
			files = (
				9DAEA7507245670B9D18FDCD /* Pods_BPM.framework in Frameworks */,
			);
			runOnlyForDeploymentPostprocessing = 0;
		};
		9625F1E31CB8A224007D2041 /* Frameworks */ = {
			isa = PBXFrameworksBuildPhase;
			buildActionMask = 2147483647;
			files = (
				6F2B9BABB11A3A8C45543E9E /* Pods_BPMTests.framework in Frameworks */,
			);
			runOnlyForDeploymentPostprocessing = 0;
		};
		9625F1EE1CB8A224007D2041 /* Frameworks */ = {
			isa = PBXFrameworksBuildPhase;
			buildActionMask = 2147483647;
			files = (
				B08D6C5F3522A5E3DE4B3522 /* Pods_BPMUITests.framework in Frameworks */,
			);
			runOnlyForDeploymentPostprocessing = 0;
		};
/* End PBXFrameworksBuildPhase section */

/* Begin PBXGroup section */
		292B786C5A97388DB94B7359 /* Pods */ = {
			isa = PBXGroup;
			children = (
				4FA07CE5331103103505C6E1 /* Pods-BPM.debug.xcconfig */,
				744542B08F77740F733A7AD0 /* Pods-BPM.release.xcconfig */,
				FE2F262E98675B41B0FC5D2E /* Pods-BPMTests.debug.xcconfig */,
				2FAFD5F7A368841096577CA2 /* Pods-BPMTests.release.xcconfig */,
				A2BD5F8BF484A8DA5B2A6351 /* Pods-BPMUITests.debug.xcconfig */,
				E653039790D1BEA8F11FFCBD /* Pods-BPMUITests.release.xcconfig */,
			);
			name = Pods;
			sourceTree = "<group>";
		};
		9625F1C91CB8A223007D2041 = {
			isa = PBXGroup;
			children = (
				9625F1D41CB8A223007D2041 /* BPM */,
				9625F1D31CB8A223007D2041 /* Products */,
				292B786C5A97388DB94B7359 /* Pods */,
				F5E220F795D3C5626A70BED2 /* Frameworks */,
			);
			sourceTree = "<group>";
		};
		9625F1D31CB8A223007D2041 /* Products */ = {
			isa = PBXGroup;
			children = (
				9625F1D21CB8A223007D2041 /* BPM.app */,
				9625F1E61CB8A224007D2041 /* BPMTests.xctest */,
				9625F1F11CB8A224007D2041 /* BPMUITests.xctest */,
			);
			name = Products;
			sourceTree = "<group>";
		};
		9625F1D41CB8A223007D2041 /* BPM */ = {
			isa = PBXGroup;
			children = (
				9625F1D51CB8A223007D2041 /* AppDelegate.swift */,
				9625F1D71CB8A223007D2041 /* MainViewController.swift */,
				96F25BDD1CF6D70300AF74C9 /* SettingsViewController.swift */,
				961D7A7C1CB9774B007BA96C /* BMButton.swift */,
				96CB9E471CBA1A8400D82534 /* Style.swift */,
				9625F1D91CB8A223007D2041 /* Main.storyboard */,
				9625F1DC1CB8A223007D2041 /* Assets.xcassets */,
				9625F1DE1CB8A223007D2041 /* LaunchScreen.storyboard */,
				9625F1E11CB8A223007D2041 /* Info.plist */,
			);
			path = BPM;
			sourceTree = "<group>";
		};
		F5E220F795D3C5626A70BED2 /* Frameworks */ = {
			isa = PBXGroup;
			children = (
				EBA2E07A1AA2130DAA9E0549 /* Pods_BPM.framework */,
				BC5E8EEDB436FE20543F6267 /* Pods_BPMTests.framework */,
				A4CB443782A033BD9B175505 /* Pods_BPMUITests.framework */,
			);
			name = Frameworks;
			sourceTree = "<group>";
		};
/* End PBXGroup section */

/* Begin PBXNativeTarget section */
		9625F1D11CB8A223007D2041 /* BPM */ = {
			isa = PBXNativeTarget;
			buildConfigurationList = 9625F1FA1CB8A224007D2041 /* Build configuration list for PBXNativeTarget "BPM" */;
			buildPhases = (
				FD7BAE3677C5193586A12987 /* [CP] Check Pods Manifest.lock */,
				9625F1CE1CB8A223007D2041 /* Sources */,
				9625F1CF1CB8A223007D2041 /* Frameworks */,
				9625F1D01CB8A223007D2041 /* Resources */,
				D53B5527ABE659E7BB02FEE2 /* [CP] Embed Pods Frameworks */,
				9AFEA0BBEF77AC9C1D4325FA /* [CP] Copy Pods Resources */,
			);
			buildRules = (
			);
			dependencies = (
			);
			name = BPM;
			productName = BPM;
			productReference = 9625F1D21CB8A223007D2041 /* BPM.app */;
			productType = "com.apple.product-type.application";
		};
		9625F1E51CB8A224007D2041 /* BPMTests */ = {
			isa = PBXNativeTarget;
			buildConfigurationList = 9625F1FD1CB8A224007D2041 /* Build configuration list for PBXNativeTarget "BPMTests" */;
			buildPhases = (
				E23670EF7C4F7FCF9C1F71C9 /* [CP] Check Pods Manifest.lock */,
				9625F1E21CB8A224007D2041 /* Sources */,
				9625F1E31CB8A224007D2041 /* Frameworks */,
				9625F1E41CB8A224007D2041 /* Resources */,
				E02885F0BAE8AADD56726DEF /* [CP] Embed Pods Frameworks */,
				3620815D803D92EF23898C85 /* [CP] Copy Pods Resources */,
			);
			buildRules = (
			);
			dependencies = (
				9625F1E81CB8A224007D2041 /* PBXTargetDependency */,
			);
			name = BPMTests;
			productName = BPMTests;
			productReference = 9625F1E61CB8A224007D2041 /* BPMTests.xctest */;
			productType = "com.apple.product-type.bundle.unit-test";
		};
		9625F1F01CB8A224007D2041 /* BPMUITests */ = {
			isa = PBXNativeTarget;
			buildConfigurationList = 9625F2001CB8A224007D2041 /* Build configuration list for PBXNativeTarget "BPMUITests" */;
			buildPhases = (
				71F66B5D1544FCFF97E68B4D /* [CP] Check Pods Manifest.lock */,
				9625F1ED1CB8A224007D2041 /* Sources */,
				9625F1EE1CB8A224007D2041 /* Frameworks */,
				9625F1EF1CB8A224007D2041 /* Resources */,
				134AA1FA42D4BC19060BC7CF /* [CP] Copy Pods Resources */,
			);
			buildRules = (
			);
			dependencies = (
				9625F1F31CB8A224007D2041 /* PBXTargetDependency */,
			);
			name = BPMUITests;
			productName = BPMUITests;
			productReference = 9625F1F11CB8A224007D2041 /* BPMUITests.xctest */;
			productType = "com.apple.product-type.bundle.ui-testing";
		};
/* End PBXNativeTarget section */

/* Begin PBXProject section */
		9625F1CA1CB8A223007D2041 /* Project object */ = {
			isa = PBXProject;
			attributes = {
				LastSwiftUpdateCheck = 0730;
				LastUpgradeCheck = 0730;
				ORGANIZATIONNAME = "Brian Mitchell";
				TargetAttributes = {
					9625F1D11CB8A223007D2041 = {
						CreatedOnToolsVersion = 7.3;
						DevelopmentTeam = 7LRB2675WR;
					};
					9625F1E51CB8A224007D2041 = {
						CreatedOnToolsVersion = 7.3;
						DevelopmentTeam = 7LRB2675WR;
						TestTargetID = 9625F1D11CB8A223007D2041;
					};
					9625F1F01CB8A224007D2041 = {
						CreatedOnToolsVersion = 7.3;
						DevelopmentTeam = 7LRB2675WR;
						TestTargetID = 9625F1D11CB8A223007D2041;
					};
				};
			};
			buildConfigurationList = 9625F1CD1CB8A223007D2041 /* Build configuration list for PBXProject "BPM" */;
			compatibilityVersion = "Xcode 3.2";
			developmentRegion = English;
			hasScannedForEncodings = 0;
			knownRegions = (
				en,
				Base,
			);
			mainGroup = 9625F1C91CB8A223007D2041;
			productRefGroup = 9625F1D31CB8A223007D2041 /* Products */;
			projectDirPath = "";
			projectRoot = "";
			targets = (
				9625F1D11CB8A223007D2041 /* BPM */,
				9625F1E51CB8A224007D2041 /* BPMTests */,
				9625F1F01CB8A224007D2041 /* BPMUITests */,
			);
		};
/* End PBXProject section */

/* Begin PBXResourcesBuildPhase section */
		9625F1D01CB8A223007D2041 /* Resources */ = {
			isa = PBXResourcesBuildPhase;
			buildActionMask = 2147483647;
			files = (
				9625F1E01CB8A223007D2041 /* LaunchScreen.storyboard in Resources */,
				9625F1DD1CB8A223007D2041 /* Assets.xcassets in Resources */,
				9625F1DB1CB8A223007D2041 /* Main.storyboard in Resources */,
			);
			runOnlyForDeploymentPostprocessing = 0;
		};
		9625F1E41CB8A224007D2041 /* Resources */ = {
			isa = PBXResourcesBuildPhase;
			buildActionMask = 2147483647;
			files = (
			);
			runOnlyForDeploymentPostprocessing = 0;
		};
		9625F1EF1CB8A224007D2041 /* Resources */ = {
			isa = PBXResourcesBuildPhase;
			buildActionMask = 2147483647;
			files = (
			);
			runOnlyForDeploymentPostprocessing = 0;
		};
/* End PBXResourcesBuildPhase section */

/* Begin PBXShellScriptBuildPhase section */
		134AA1FA42D4BC19060BC7CF /* [CP] Copy Pods Resources */ = {
			isa = PBXShellScriptBuildPhase;
			buildActionMask = 2147483647;
			files = (
			);
			inputPaths = (
			);
			name = "[CP] Copy Pods Resources";
			outputPaths = (
			);
			runOnlyForDeploymentPostprocessing = 0;
			shellPath = /bin/sh;
			shellScript = "\"${SRCROOT}/Pods/Target Support Files/Pods-BPMUITests/Pods-BPMUITests-resources.sh\"\n";
			showEnvVarsInLog = 0;
		};
		3620815D803D92EF23898C85 /* [CP] Copy Pods Resources */ = {
			isa = PBXShellScriptBuildPhase;
			buildActionMask = 2147483647;
			files = (
			);
			inputPaths = (
			);
			name = "[CP] Copy Pods Resources";
			outputPaths = (
			);
			runOnlyForDeploymentPostprocessing = 0;
			shellPath = /bin/sh;
			shellScript = "\"${SRCROOT}/Pods/Target Support Files/Pods-BPMTests/Pods-BPMTests-resources.sh\"\n";
			showEnvVarsInLog = 0;
		};
		71F66B5D1544FCFF97E68B4D /* [CP] Check Pods Manifest.lock */ = {
			isa = PBXShellScriptBuildPhase;
			buildActionMask = 2147483647;
			files = (
			);
			inputPaths = (
			);
			name = "[CP] Check Pods Manifest.lock";
			outputPaths = (
			);
			runOnlyForDeploymentPostprocessing = 0;
			shellPath = /bin/sh;
			shellScript = "diff \"${PODS_ROOT}/../Podfile.lock\" \"${PODS_ROOT}/Manifest.lock\" > /dev/null\nif [[ $? != 0 ]] ; then\n    cat << EOM\nerror: The sandbox is not in sync with the Podfile.lock. Run 'pod install' or update your CocoaPods installation.\nEOM\n    exit 1\nfi\n";
			showEnvVarsInLog = 0;
		};
		9AFEA0BBEF77AC9C1D4325FA /* [CP] Copy Pods Resources */ = {
			isa = PBXShellScriptBuildPhase;
			buildActionMask = 2147483647;
			files = (
			);
			inputPaths = (
			);
			name = "[CP] Copy Pods Resources";
			outputPaths = (
			);
			runOnlyForDeploymentPostprocessing = 0;
			shellPath = /bin/sh;
			shellScript = "\"${SRCROOT}/Pods/Target Support Files/Pods-BPM/Pods-BPM-resources.sh\"\n";
			showEnvVarsInLog = 0;
		};
		D53B5527ABE659E7BB02FEE2 /* [CP] Embed Pods Frameworks */ = {
			isa = PBXShellScriptBuildPhase;
			buildActionMask = 2147483647;
			files = (
			);
			inputPaths = (
			);
			name = "[CP] Embed Pods Frameworks";
			outputPaths = (
			);
			runOnlyForDeploymentPostprocessing = 0;
			shellPath = /bin/sh;
			shellScript = "\"${SRCROOT}/Pods/Target Support Files/Pods-BPM/Pods-BPM-frameworks.sh\"\n";
			showEnvVarsInLog = 0;
		};
		E02885F0BAE8AADD56726DEF /* [CP] Embed Pods Frameworks */ = {
			isa = PBXShellScriptBuildPhase;
			buildActionMask = 2147483647;
			files = (
			);
			inputPaths = (
			);
			name = "[CP] Embed Pods Frameworks";
			outputPaths = (
			);
			runOnlyForDeploymentPostprocessing = 0;
			shellPath = /bin/sh;
			shellScript = "\"${SRCROOT}/Pods/Target Support Files/Pods-BPMTests/Pods-BPMTests-frameworks.sh\"\n";
			showEnvVarsInLog = 0;
		};
		E23670EF7C4F7FCF9C1F71C9 /* [CP] Check Pods Manifest.lock */ = {
			isa = PBXShellScriptBuildPhase;
			buildActionMask = 2147483647;
			files = (
			);
			inputPaths = (
			);
			name = "[CP] Check Pods Manifest.lock";
			outputPaths = (
			);
			runOnlyForDeploymentPostprocessing = 0;
			shellPath = /bin/sh;
			shellScript = "diff \"${PODS_ROOT}/../Podfile.lock\" \"${PODS_ROOT}/Manifest.lock\" > /dev/null\nif [[ $? != 0 ]] ; then\n    cat << EOM\nerror: The sandbox is not in sync with the Podfile.lock. Run 'pod install' or update your CocoaPods installation.\nEOM\n    exit 1\nfi\n";
			showEnvVarsInLog = 0;
		};
		FD7BAE3677C5193586A12987 /* [CP] Check Pods Manifest.lock */ = {
			isa = PBXShellScriptBuildPhase;
			buildActionMask = 2147483647;
			files = (
			);
			inputPaths = (
			);
			name = "[CP] Check Pods Manifest.lock";
			outputPaths = (
			);
			runOnlyForDeploymentPostprocessing = 0;
			shellPath = /bin/sh;
			shellScript = "diff \"${PODS_ROOT}/../Podfile.lock\" \"${PODS_ROOT}/Manifest.lock\" > /dev/null\nif [[ $? != 0 ]] ; then\n    cat << EOM\nerror: The sandbox is not in sync with the Podfile.lock. Run 'pod install' or update your CocoaPods installation.\nEOM\n    exit 1\nfi\n";
			showEnvVarsInLog = 0;
		};
/* End PBXShellScriptBuildPhase section */

/* Begin PBXSourcesBuildPhase section */
		9625F1CE1CB8A223007D2041 /* Sources */ = {
			isa = PBXSourcesBuildPhase;
			buildActionMask = 2147483647;
			files = (
				9625F1D81CB8A223007D2041 /* MainViewController.swift in Sources */,
				961D7A7D1CB9774B007BA96C /* BMButton.swift in Sources */,
				9625F1D61CB8A223007D2041 /* AppDelegate.swift in Sources */,
				96F25BDE1CF6D70300AF74C9 /* SettingsViewController.swift in Sources */,
				96CB9E481CBA1A8400D82534 /* Style.swift in Sources */,
			);
			runOnlyForDeploymentPostprocessing = 0;
		};
		9625F1E21CB8A224007D2041 /* Sources */ = {
			isa = PBXSourcesBuildPhase;
			buildActionMask = 2147483647;
			files = (
			);
			runOnlyForDeploymentPostprocessing = 0;
		};
		9625F1ED1CB8A224007D2041 /* Sources */ = {
			isa = PBXSourcesBuildPhase;
			buildActionMask = 2147483647;
			files = (
			);
			runOnlyForDeploymentPostprocessing = 0;
		};
/* End PBXSourcesBuildPhase section */

/* Begin PBXTargetDependency section */
		9625F1E81CB8A224007D2041 /* PBXTargetDependency */ = {
			isa = PBXTargetDependency;
			target = 9625F1D11CB8A223007D2041 /* BPM */;
			targetProxy = 9625F1E71CB8A224007D2041 /* PBXContainerItemProxy */;
		};
		9625F1F31CB8A224007D2041 /* PBXTargetDependency */ = {
			isa = PBXTargetDependency;
			target = 9625F1D11CB8A223007D2041 /* BPM */;
			targetProxy = 9625F1F21CB8A224007D2041 /* PBXContainerItemProxy */;
		};
/* End PBXTargetDependency section */

/* Begin PBXVariantGroup section */
		9625F1D91CB8A223007D2041 /* Main.storyboard */ = {
			isa = PBXVariantGroup;
			children = (
				9625F1DA1CB8A223007D2041 /* Base */,
			);
			name = Main.storyboard;
			sourceTree = "<group>";
		};
		9625F1DE1CB8A223007D2041 /* LaunchScreen.storyboard */ = {
			isa = PBXVariantGroup;
			children = (
				9625F1DF1CB8A223007D2041 /* Base */,
			);
			name = LaunchScreen.storyboard;
			sourceTree = "<group>";
		};
/* End PBXVariantGroup section */

/* Begin XCBuildConfiguration section */
		9625F1F81CB8A224007D2041 /* Debug */ = {
			isa = XCBuildConfiguration;
			buildSettings = {
				ALWAYS_SEARCH_USER_PATHS = NO;
				CLANG_ANALYZER_NONNULL = YES;
				CLANG_CXX_LANGUAGE_STANDARD = "gnu++0x";
				CLANG_CXX_LIBRARY = "libc++";
				CLANG_ENABLE_MODULES = YES;
				CLANG_ENABLE_OBJC_ARC = YES;
				CLANG_WARN_BOOL_CONVERSION = YES;
				CLANG_WARN_CONSTANT_CONVERSION = YES;
				CLANG_WARN_DIRECT_OBJC_ISA_USAGE = YES_ERROR;
				CLANG_WARN_EMPTY_BODY = YES;
				CLANG_WARN_ENUM_CONVERSION = YES;
				CLANG_WARN_INT_CONVERSION = YES;
				CLANG_WARN_OBJC_ROOT_CLASS = YES_ERROR;
				CLANG_WARN_UNREACHABLE_CODE = YES;
				CLANG_WARN__DUPLICATE_METHOD_MATCH = YES;
				"CODE_SIGN_IDENTITY[sdk=iphoneos*]" = "iPhone Developer";
				COPY_PHASE_STRIP = NO;
				DEBUG_INFORMATION_FORMAT = dwarf;
				ENABLE_STRICT_OBJC_MSGSEND = YES;
				ENABLE_TESTABILITY = YES;
				GCC_C_LANGUAGE_STANDARD = gnu99;
				GCC_DYNAMIC_NO_PIC = NO;
				GCC_NO_COMMON_BLOCKS = YES;
				GCC_OPTIMIZATION_LEVEL = 0;
				GCC_PREPROCESSOR_DEFINITIONS = (
					"DEBUG=1",
					"$(inherited)",
				);
				GCC_WARN_64_TO_32_BIT_CONVERSION = YES;
				GCC_WARN_ABOUT_RETURN_TYPE = YES_ERROR;
				GCC_WARN_UNDECLARED_SELECTOR = YES;
				GCC_WARN_UNINITIALIZED_AUTOS = YES_AGGRESSIVE;
				GCC_WARN_UNUSED_FUNCTION = YES;
				GCC_WARN_UNUSED_VARIABLE = YES;
				IPHONEOS_DEPLOYMENT_TARGET = 9.3;
				MTL_ENABLE_DEBUG_INFO = YES;
				ONLY_ACTIVE_ARCH = YES;
				SDKROOT = iphoneos;
				SWIFT_OPTIMIZATION_LEVEL = "-Onone";
				TARGETED_DEVICE_FAMILY = "1,2";
			};
			name = Debug;
		};
		9625F1F91CB8A224007D2041 /* Release */ = {
			isa = XCBuildConfiguration;
			buildSettings = {
				ALWAYS_SEARCH_USER_PATHS = NO;
				CLANG_ANALYZER_NONNULL = YES;
				CLANG_CXX_LANGUAGE_STANDARD = "gnu++0x";
				CLANG_CXX_LIBRARY = "libc++";
				CLANG_ENABLE_MODULES = YES;
				CLANG_ENABLE_OBJC_ARC = YES;
				CLANG_WARN_BOOL_CONVERSION = YES;
				CLANG_WARN_CONSTANT_CONVERSION = YES;
				CLANG_WARN_DIRECT_OBJC_ISA_USAGE = YES_ERROR;
				CLANG_WARN_EMPTY_BODY = YES;
				CLANG_WARN_ENUM_CONVERSION = YES;
				CLANG_WARN_INT_CONVERSION = YES;
				CLANG_WARN_OBJC_ROOT_CLASS = YES_ERROR;
				CLANG_WARN_UNREACHABLE_CODE = YES;
				CLANG_WARN__DUPLICATE_METHOD_MATCH = YES;
				"CODE_SIGN_IDENTITY[sdk=iphoneos*]" = "iPhone Developer";
				COPY_PHASE_STRIP = NO;
				DEBUG_INFORMATION_FORMAT = "dwarf-with-dsym";
				ENABLE_NS_ASSERTIONS = NO;
				ENABLE_STRICT_OBJC_MSGSEND = YES;
				GCC_C_LANGUAGE_STANDARD = gnu99;
				GCC_NO_COMMON_BLOCKS = YES;
				GCC_WARN_64_TO_32_BIT_CONVERSION = YES;
				GCC_WARN_ABOUT_RETURN_TYPE = YES_ERROR;
				GCC_WARN_UNDECLARED_SELECTOR = YES;
				GCC_WARN_UNINITIALIZED_AUTOS = YES_AGGRESSIVE;
				GCC_WARN_UNUSED_FUNCTION = YES;
				GCC_WARN_UNUSED_VARIABLE = YES;
				IPHONEOS_DEPLOYMENT_TARGET = 9.3;
				MTL_ENABLE_DEBUG_INFO = NO;
				SDKROOT = iphoneos;
				TARGETED_DEVICE_FAMILY = "1,2";
				VALIDATE_PRODUCT = YES;
			};
			name = Release;
		};
		9625F1FB1CB8A224007D2041 /* Debug */ = {
			isa = XCBuildConfiguration;
			baseConfigurationReference = 4FA07CE5331103103505C6E1 /* Pods-BPM.debug.xcconfig */;
			buildSettings = {
				ASSETCATALOG_COMPILER_APPICON_NAME = AppIcon;
				CODE_SIGN_IDENTITY = "iPhone Developer";
				"CODE_SIGN_IDENTITY[sdk=iphoneos*]" = "iPhone Developer";
				INFOPLIST_FILE = BPM/Info.plist;
				IPHONEOS_DEPLOYMENT_TARGET = 9.0;
				LD_RUNPATH_SEARCH_PATHS = "$(inherited) @executable_path/Frameworks";
				PRODUCT_BUNDLE_IDENTIFIER = me.brianm.BPM;
				PRODUCT_NAME = "$(TARGET_NAME)";
				PROVISIONING_PROFILE = "";
				TARGETED_DEVICE_FAMILY = "1,2";
			};
			name = Debug;
		};
		9625F1FC1CB8A224007D2041 /* Release */ = {
			isa = XCBuildConfiguration;
			baseConfigurationReference = 744542B08F77740F733A7AD0 /* Pods-BPM.release.xcconfig */;
			buildSettings = {
				ASSETCATALOG_COMPILER_APPICON_NAME = AppIcon;
				CODE_SIGN_IDENTITY = "iPhone Developer";
				"CODE_SIGN_IDENTITY[sdk=iphoneos*]" = "iPhone Developer";
				INFOPLIST_FILE = BPM/Info.plist;
				IPHONEOS_DEPLOYMENT_TARGET = 9.0;
				LD_RUNPATH_SEARCH_PATHS = "$(inherited) @executable_path/Frameworks";
				PRODUCT_BUNDLE_IDENTIFIER = me.brianm.BPM;
				PRODUCT_NAME = "$(TARGET_NAME)";
				PROVISIONING_PROFILE = "";
				TARGETED_DEVICE_FAMILY = "1,2";
			};
			name = Release;
		};
		9625F1FE1CB8A224007D2041 /* Debug */ = {
			isa = XCBuildConfiguration;
			baseConfigurationReference = FE2F262E98675B41B0FC5D2E /* Pods-BPMTests.debug.xcconfig */;
			buildSettings = {
				BUNDLE_LOADER = "$(TEST_HOST)";
				INFOPLIST_FILE = BPMTests/Info.plist;
				LD_RUNPATH_SEARCH_PATHS = "$(inherited) @executable_path/Frameworks @loader_path/Frameworks";
				PRODUCT_BUNDLE_IDENTIFIER = me.brianm.BPMTests;
				PRODUCT_NAME = "$(TARGET_NAME)";
				TEST_HOST = "$(BUILT_PRODUCTS_DIR)/BPM.app/BPM";
			};
			name = Debug;
		};
		9625F1FF1CB8A224007D2041 /* Release */ = {
			isa = XCBuildConfiguration;
			baseConfigurationReference = 2FAFD5F7A368841096577CA2 /* Pods-BPMTests.release.xcconfig */;
			buildSettings = {
				BUNDLE_LOADER = "$(TEST_HOST)";
				INFOPLIST_FILE = BPMTests/Info.plist;
				LD_RUNPATH_SEARCH_PATHS = "$(inherited) @executable_path/Frameworks @loader_path/Frameworks";
				PRODUCT_BUNDLE_IDENTIFIER = me.brianm.BPMTests;
				PRODUCT_NAME = "$(TARGET_NAME)";
				TEST_HOST = "$(BUILT_PRODUCTS_DIR)/BPM.app/BPM";
			};
			name = Release;
		};
		9625F2011CB8A224007D2041 /* Debug */ = {
			isa = XCBuildConfiguration;
			baseConfigurationReference = A2BD5F8BF484A8DA5B2A6351 /* Pods-BPMUITests.debug.xcconfig */;
			buildSettings = {
				INFOPLIST_FILE = BPMUITests/Info.plist;
				LD_RUNPATH_SEARCH_PATHS = "$(inherited) @executable_path/Frameworks @loader_path/Frameworks";
				PRODUCT_BUNDLE_IDENTIFIER = me.brianm.BPMUITests;
				PRODUCT_NAME = "$(TARGET_NAME)";
				TEST_TARGET_NAME = BPM;
			};
			name = Debug;
		};
		9625F2021CB8A224007D2041 /* Release */ = {
			isa = XCBuildConfiguration;
			baseConfigurationReference = E653039790D1BEA8F11FFCBD /* Pods-BPMUITests.release.xcconfig */;
			buildSettings = {
				INFOPLIST_FILE = BPMUITests/Info.plist;
				LD_RUNPATH_SEARCH_PATHS = "$(inherited) @executable_path/Frameworks @loader_path/Frameworks";
				PRODUCT_BUNDLE_IDENTIFIER = me.brianm.BPMUITests;
				PRODUCT_NAME = "$(TARGET_NAME)";
				TEST_TARGET_NAME = BPM;
			};
			name = Release;
		};
/* End XCBuildConfiguration section */

/* Begin XCConfigurationList section */
		9625F1CD1CB8A223007D2041 /* Build configuration list for PBXProject "BPM" */ = {
			isa = XCConfigurationList;
			buildConfigurations = (
				9625F1F81CB8A224007D2041 /* Debug */,
				9625F1F91CB8A224007D2041 /* Release */,
			);
			defaultConfigurationIsVisible = 0;
			defaultConfigurationName = Release;
		};
		9625F1FA1CB8A224007D2041 /* Build configuration list for PBXNativeTarget "BPM" */ = {
			isa = XCConfigurationList;
			buildConfigurations = (
				9625F1FB1CB8A224007D2041 /* Debug */,
				9625F1FC1CB8A224007D2041 /* Release */,
			);
			defaultConfigurationIsVisible = 0;
			defaultConfigurationName = Release;
		};
		9625F1FD1CB8A224007D2041 /* Build configuration list for PBXNativeTarget "BPMTests" */ = {
			isa = XCConfigurationList;
			buildConfigurations = (
				9625F1FE1CB8A224007D2041 /* Debug */,
				9625F1FF1CB8A224007D2041 /* Release */,
			);
			defaultConfigurationIsVisible = 0;
			defaultConfigurationName = Release;
		};
		9625F2001CB8A224007D2041 /* Build configuration list for PBXNativeTarget "BPMUITests" */ = {
			isa = XCConfigurationList;
			buildConfigurations = (
				9625F2011CB8A224007D2041 /* Debug */,
				9625F2021CB8A224007D2041 /* Release */,
			);
			defaultConfigurationIsVisible = 0;
			defaultConfigurationName = Release;
		};
/* End XCConfigurationList section */
	};
	rootObject = 9625F1CA1CB8A223007D2041 /* Project object */;
}
