// !$*UTF8*$!
{
	archiveVersion = 1;
	classes = {
	};
	objectVersion = 46;
	objects = {

/* Begin PBXBuildFile section */
		961D7A7D1CB9774B007BA96C /* BMButton.swift in Sources */ = {isa = PBXBuildFile; fileRef = 961D7A7C1CB9774B007BA96C /* BMButton.swift */; };
		9625F1D61CB8A223007D2041 /* AppDelegate.swift in Sources */ = {isa = PBXBuildFile; fileRef = 9625F1D51CB8A223007D2041 /* AppDelegate.swift */; };
		9625F1D81CB8A223007D2041 /* MainViewController.swift in Sources */ = {isa = PBXBuildFile; fileRef = 9625F1D71CB8A223007D2041 /* MainViewController.swift */; };
		9625F1DB1CB8A223007D2041 /* Main.storyboard in Resources */ = {isa = PBXBuildFile; fileRef = 9625F1D91CB8A223007D2041 /* Main.storyboard */; };
		9625F1DD1CB8A223007D2041 /* Assets.xcassets in Resources */ = {isa = PBXBuildFile; fileRef = 9625F1DC1CB8A223007D2041 /* Assets.xcassets */; };
		9625F1E01CB8A223007D2041 /* LaunchScreen.storyboard in Resources */ = {isa = PBXBuildFile; fileRef = 9625F1DE1CB8A223007D2041 /* LaunchScreen.storyboard */; };
		9625F1EB1CB8A224007D2041 /* BPMTests.swift in Sources */ = {isa = PBXBuildFile; fileRef = 9625F1EA1CB8A224007D2041 /* BPMTests.swift */; };
		9625F1F61CB8A224007D2041 /* BPMUITests.swift in Sources */ = {isa = PBXBuildFile; fileRef = 9625F1F51CB8A224007D2041 /* BPMUITests.swift */; };
		96CB9E481CBA1A8400D82534 /* Style.swift in Sources */ = {isa = PBXBuildFile; fileRef = 96CB9E471CBA1A8400D82534 /* Style.swift */; };
		96F25BDE1CF6D70300AF74C9 /* SettingsViewController.swift in Sources */ = {isa = PBXBuildFile; fileRef = 96F25BDD1CF6D70300AF74C9 /* SettingsViewController.swift */; };
/* End PBXBuildFile section */

/* Begin PBXContainerItemProxy section */
		9625F1E71CB8A224007D2041 /* PBXContainerItemProxy */ = {
			isa = PBXContainerItemProxy;
			containerPortal = 9625F1CA1CB8A223007D2041 /* Project object */;
			proxyType = 1;
			remoteGlobalIDString = 9625F1D11CB8A223007D2041;
			remoteInfo = BPM;
		};
		9625F1F21CB8A224007D2041 /* PBXContainerItemProxy */ = {
			isa = PBXContainerItemProxy;
			containerPortal = 9625F1CA1CB8A223007D2041 /* Project object */;
			proxyType = 1;
			remoteGlobalIDString = 9625F1D11CB8A223007D2041;
			remoteInfo = BPM;
		};
/* End PBXContainerItemProxy section */

/* Begin PBXFileReference section */
		961D7A7C1CB9774B007BA96C /* BMButton.swift */ = {isa = PBXFileReference; fileEncoding = 4; lastKnownFileType = sourcecode.swift; path = BMButton.swift; sourceTree = "<group>"; };
		9625F1D21CB8A223007D2041 /* BPM.app */ = {isa = PBXFileReference; explicitFileType = wrapper.application; includeInIndex = 0; path = BPM.app; sourceTree = BUILT_PRODUCTS_DIR; };
		9625F1D51CB8A223007D2041 /* AppDelegate.swift */ = {isa = PBXFileReference; lastKnownFileType = sourcecode.swift; path = AppDelegate.swift; sourceTree = "<group>"; };
		9625F1D71CB8A223007D2041 /* MainViewController.swift */ = {isa = PBXFileReference; lastKnownFileType = sourcecode.swift; path = MainViewController.swift; sourceTree = "<group>"; };
		9625F1DA1CB8A223007D2041 /* Base */ = {isa = PBXFileReference; lastKnownFileType = file.storyboard; name = Base; path = Base.lproj/Main.storyboard; sourceTree = "<group>"; };
		9625F1DC1CB8A223007D2041 /* Assets.xcassets */ = {isa = PBXFileReference; lastKnownFileType = folder.assetcatalog; path = Assets.xcassets; sourceTree = "<group>"; };
		9625F1DF1CB8A223007D2041 /* Base */ = {isa = PBXFileReference; lastKnownFileType = file.storyboard; name = Base; path = Base.lproj/LaunchScreen.storyboard; sourceTree = "<group>"; };
		9625F1E11CB8A223007D2041 /* Info.plist */ = {isa = PBXFileReference; lastKnownFileType = text.plist.xml; path = Info.plist; sourceTree = "<group>"; };
		9625F1E61CB8A224007D2041 /* BPMTests.xctest */ = {isa = PBXFileReference; explicitFileType = wrapper.cfbundle; includeInIndex = 0; path = BPMTests.xctest; sourceTree = BUILT_PRODUCTS_DIR; };
		9625F1EA1CB8A224007D2041 /* BPMTests.swift */ = {isa = PBXFileReference; lastKnownFileType = sourcecode.swift; path = BPMTests.swift; sourceTree = "<group>"; };
		9625F1EC1CB8A224007D2041 /* Info.plist */ = {isa = PBXFileReference; lastKnownFileType = text.plist.xml; path = Info.plist; sourceTree = "<group>"; };
		9625F1F11CB8A224007D2041 /* BPMUITests.xctest */ = {isa = PBXFileReference; explicitFileType = wrapper.cfbundle; includeInIndex = 0; path = BPMUITests.xctest; sourceTree = BUILT_PRODUCTS_DIR; };
		9625F1F51CB8A224007D2041 /* BPMUITests.swift */ = {isa = PBXFileReference; lastKnownFileType = sourcecode.swift; path = BPMUITests.swift; sourceTree = "<group>"; };
		9625F1F71CB8A224007D2041 /* Info.plist */ = {isa = PBXFileReference; lastKnownFileType = text.plist.xml; path = Info.plist; sourceTree = "<group>"; };
		96CB9E471CBA1A8400D82534 /* Style.swift */ = {isa = PBXFileReference; fileEncoding = 4; lastKnownFileType = sourcecode.swift; path = Style.swift; sourceTree = "<group>"; };
		96F25BDD1CF6D70300AF74C9 /* SettingsViewController.swift */ = {isa = PBXFileReference; fileEncoding = 4; lastKnownFileType = sourcecode.swift; path = SettingsViewController.swift; sourceTree = "<group>"; };
/* End PBXFileReference section */

/* Begin PBXFrameworksBuildPhase section */
		9625F1CF1CB8A223007D2041 /* Frameworks */ = {
			isa = PBXFrameworksBuildPhase;
			buildActionMask = 2147483647;
			files = (
			);
			runOnlyForDeploymentPostprocessing = 0;
		};
		9625F1E31CB8A224007D2041 /* Frameworks */ = {
			isa = PBXFrameworksBuildPhase;
			buildActionMask = 2147483647;
			files = (
			);
			runOnlyForDeploymentPostprocessing = 0;
		};
		9625F1EE1CB8A224007D2041 /* Frameworks */ = {
			isa = PBXFrameworksBuildPhase;
			buildActionMask = 2147483647;
			files = (
			);
			runOnlyForDeploymentPostprocessing = 0;
		};
/* End PBXFrameworksBuildPhase section */

/* Begin PBXGroup section */
		9625F1C91CB8A223007D2041 = {
			isa = PBXGroup;
			children = (
				9625F1D41CB8A223007D2041 /* BPM */,
				9625F1E91CB8A224007D2041 /* BPMTests */,
				9625F1F41CB8A224007D2041 /* BPMUITests */,
				9625F1D31CB8A223007D2041 /* Products */,
			);
			sourceTree = "<group>";
		};
		9625F1D31CB8A223007D2041 /* Products */ = {
			isa = PBXGroup;
			children = (
				9625F1D21CB8A223007D2041 /* BPM.app */,
				9625F1E61CB8A224007D2041 /* BPMTests.xctest */,
				9625F1F11CB8A224007D2041 /* BPMUITests.xctest */,
			);
			name = Products;
			sourceTree = "<group>";
		};
		9625F1D41CB8A223007D2041 /* BPM */ = {
			isa = PBXGroup;
			children = (
				9625F1D51CB8A223007D2041 /* AppDelegate.swift */,
				9625F1D71CB8A223007D2041 /* MainViewController.swift */,
				9625F1D91CB8A223007D2041 /* Main.storyboard */,
				961D7A7C1CB9774B007BA96C /* BMButton.swift */,
				9625F1DC1CB8A223007D2041 /* Assets.xcassets */,
				9625F1DE1CB8A223007D2041 /* LaunchScreen.storyboard */,
				9625F1E11CB8A223007D2041 /* Info.plist */,
				96CB9E471CBA1A8400D82534 /* Style.swift */,
				96F25BDD1CF6D70300AF74C9 /* SettingsViewController.swift */,
			);
			path = BPM;
			sourceTree = "<group>";
		};
		9625F1E91CB8A224007D2041 /* BPMTests */ = {
			isa = PBXGroup;
			children = (
				9625F1EA1CB8A224007D2041 /* BPMTests.swift */,
				9625F1EC1CB8A224007D2041 /* Info.plist */,
			);
			path = BPMTests;
			sourceTree = "<group>";
		};
		9625F1F41CB8A224007D2041 /* BPMUITests */ = {
			isa = PBXGroup;
			children = (
				9625F1F51CB8A224007D2041 /* BPMUITests.swift */,
				9625F1F71CB8A224007D2041 /* Info.plist */,
			);
			path = BPMUITests;
			sourceTree = "<group>";
		};
/* End PBXGroup section */

/* Begin PBXNativeTarget section */
		9625F1D11CB8A223007D2041 /* BPM */ = {
			isa = PBXNativeTarget;
			buildConfigurationList = 9625F1FA1CB8A224007D2041 /* Build configuration list for PBXNativeTarget "BPM" */;
			buildPhases = (
				9625F1CE1CB8A223007D2041 /* Sources */,
				9625F1CF1CB8A223007D2041 /* Frameworks */,
				9625F1D01CB8A223007D2041 /* Resources */,
			);
			buildRules = (
			);
			dependencies = (
			);
			name = BPM;
			productName = BPM;
			productReference = 9625F1D21CB8A223007D2041 /* BPM.app */;
			productType = "com.apple.product-type.application";
		};
		9625F1E51CB8A224007D2041 /* BPMTests */ = {
			isa = PBXNativeTarget;
			buildConfigurationList = 9625F1FD1CB8A224007D2041 /* Build configuration list for PBXNativeTarget "BPMTests" */;
			buildPhases = (
				9625F1E21CB8A224007D2041 /* Sources */,
				9625F1E31CB8A224007D2041 /* Frameworks */,
				9625F1E41CB8A224007D2041 /* Resources */,
			);
			buildRules = (
			);
			dependencies = (
				9625F1E81CB8A224007D2041 /* PBXTargetDependency */,
			);
			name = BPMTests;
			productName = BPMTests;
			productReference = 9625F1E61CB8A224007D2041 /* BPMTests.xctest */;
			productType = "com.apple.product-type.bundle.unit-test";
		};
		9625F1F01CB8A224007D2041 /* BPMUITests */ = {
			isa = PBXNativeTarget;
			buildConfigurationList = 9625F2001CB8A224007D2041 /* Build configuration list for PBXNativeTarget "BPMUITests" */;
			buildPhases = (
				9625F1ED1CB8A224007D2041 /* Sources */,
				9625F1EE1CB8A224007D2041 /* Frameworks */,
				9625F1EF1CB8A224007D2041 /* Resources */,
			);
			buildRules = (
			);
			dependencies = (
				9625F1F31CB8A224007D2041 /* PBXTargetDependency */,
			);
			name = BPMUITests;
			productName = BPMUITests;
			productReference = 9625F1F11CB8A224007D2041 /* BPMUITests.xctest */;
			productType = "com.apple.product-type.bundle.ui-testing";
		};
/* End PBXNativeTarget section */

/* Begin PBXProject section */
		9625F1CA1CB8A223007D2041 /* Project object */ = {
			isa = PBXProject;
			attributes = {
				LastSwiftUpdateCheck = 0730;
				LastUpgradeCheck = 0730;
				ORGANIZATIONNAME = "Brian Mitchell";
				TargetAttributes = {
					9625F1D11CB8A223007D2041 = {
						CreatedOnToolsVersion = 7.3;
						DevelopmentTeam = 7LRB2675WR;
					};
					9625F1E51CB8A224007D2041 = {
						CreatedOnToolsVersion = 7.3;
						DevelopmentTeam = 7LRB2675WR;
						TestTargetID = 9625F1D11CB8A223007D2041;
					};
					9625F1F01CB8A224007D2041 = {
						CreatedOnToolsVersion = 7.3;
						DevelopmentTeam = 7LRB2675WR;
						TestTargetID = 9625F1D11CB8A223007D2041;
					};
				};
			};
			buildConfigurationList = 9625F1CD1CB8A223007D2041 /* Build configuration list for PBXProject "BPM" */;
			compatibilityVersion = "Xcode 3.2";
			developmentRegion = English;
			hasScannedForEncodings = 0;
			knownRegions = (
				en,
				Base,
			);
			mainGroup = 9625F1C91CB8A223007D2041;
			productRefGroup = 9625F1D31CB8A223007D2041 /* Products */;
			projectDirPath = "";
			projectRoot = "";
			targets = (
				9625F1D11CB8A223007D2041 /* BPM */,
				9625F1E51CB8A224007D2041 /* BPMTests */,
				9625F1F01CB8A224007D2041 /* BPMUITests */,
			);
		};
/* End PBXProject section */

/* Begin PBXResourcesBuildPhase section */
		9625F1D01CB8A223007D2041 /* Resources */ = {
			isa = PBXResourcesBuildPhase;
			buildActionMask = 2147483647;
			files = (
				9625F1E01CB8A223007D2041 /* LaunchScreen.storyboard in Resources */,
				9625F1DD1CB8A223007D2041 /* Assets.xcassets in Resources */,
				9625F1DB1CB8A223007D2041 /* Main.storyboard in Resources */,
			);
			runOnlyForDeploymentPostprocessing = 0;
		};
		9625F1E41CB8A224007D2041 /* Resources */ = {
			isa = PBXResourcesBuildPhase;
			buildActionMask = 2147483647;
			files = (
			);
			runOnlyForDeploymentPostprocessing = 0;
		};
		9625F1EF1CB8A224007D2041 /* Resources */ = {
			isa = PBXResourcesBuildPhase;
			buildActionMask = 2147483647;
			files = (
			);
			runOnlyForDeploymentPostprocessing = 0;
		};
/* End PBXResourcesBuildPhase section */

/* Begin PBXSourcesBuildPhase section */
		9625F1CE1CB8A223007D2041 /* Sources */ = {
			isa = PBXSourcesBuildPhase;
			buildActionMask = 2147483647;
			files = (
				9625F1D81CB8A223007D2041 /* MainViewController.swift in Sources */,
				961D7A7D1CB9774B007BA96C /* BMButton.swift in Sources */,
				9625F1D61CB8A223007D2041 /* AppDelegate.swift in Sources */,
				96F25BDE1CF6D70300AF74C9 /* SettingsViewController.swift in Sources */,
				96CB9E481CBA1A8400D82534 /* Style.swift in Sources */,
			);
			runOnlyForDeploymentPostprocessing = 0;
		};
		9625F1E21CB8A224007D2041 /* Sources */ = {
			isa = PBXSourcesBuildPhase;
			buildActionMask = 2147483647;
			files = (
				9625F1EB1CB8A224007D2041 /* BPMTests.swift in Sources */,
			);
			runOnlyForDeploymentPostprocessing = 0;
		};
		9625F1ED1CB8A224007D2041 /* Sources */ = {
			isa = PBXSourcesBuildPhase;
			buildActionMask = 2147483647;
			files = (
				9625F1F61CB8A224007D2041 /* BPMUITests.swift in Sources */,
			);
			runOnlyForDeploymentPostprocessing = 0;
		};
/* End PBXSourcesBuildPhase section */

/* Begin PBXTargetDependency section */
		9625F1E81CB8A224007D2041 /* PBXTargetDependency */ = {
			isa = PBXTargetDependency;
			target = 9625F1D11CB8A223007D2041 /* BPM */;
			targetProxy = 9625F1E71CB8A224007D2041 /* PBXContainerItemProxy */;
		};
		9625F1F31CB8A224007D2041 /* PBXTargetDependency */ = {
			isa = PBXTargetDependency;
			target = 9625F1D11CB8A223007D2041 /* BPM */;
			targetProxy = 9625F1F21CB8A224007D2041 /* PBXContainerItemProxy */;
		};
/* End PBXTargetDependency section */

/* Begin PBXVariantGroup section */
		9625F1D91CB8A223007D2041 /* Main.storyboard */ = {
			isa = PBXVariantGroup;
			children = (
				9625F1DA1CB8A223007D2041 /* Base */,
			);
			name = Main.storyboard;
			sourceTree = "<group>";
		};
		9625F1DE1CB8A223007D2041 /* LaunchScreen.storyboard */ = {
			isa = PBXVariantGroup;
			children = (
				9625F1DF1CB8A223007D2041 /* Base */,
			);
			name = LaunchScreen.storyboard;
			sourceTree = "<group>";
		};
/* End PBXVariantGroup section */

/* Begin XCBuildConfiguration section */
		9625F1F81CB8A224007D2041 /* Debug */ = {
			isa = XCBuildConfiguration;
			buildSettings = {
				ALWAYS_SEARCH_USER_PATHS = NO;
				CLANG_ANALYZER_NONNULL = YES;
				CLANG_CXX_LANGUAGE_STANDARD = "gnu++0x";
				CLANG_CXX_LIBRARY = "libc++";
				CLANG_ENABLE_MODULES = YES;
				CLANG_ENABLE_OBJC_ARC = YES;
				CLANG_WARN_BOOL_CONVERSION = YES;
				CLANG_WARN_CONSTANT_CONVERSION = YES;
				CLANG_WARN_DIRECT_OBJC_ISA_USAGE = YES_ERROR;
				CLANG_WARN_EMPTY_BODY = YES;
				CLANG_WARN_ENUM_CONVERSION = YES;
				CLANG_WARN_INT_CONVERSION = YES;
				CLANG_WARN_OBJC_ROOT_CLASS = YES_ERROR;
				CLANG_WARN_UNREACHABLE_CODE = YES;
				CLANG_WARN__DUPLICATE_METHOD_MATCH = YES;
				"CODE_SIGN_IDENTITY[sdk=iphoneos*]" = "iPhone Developer";
				COPY_PHASE_STRIP = NO;
				DEBUG_INFORMATION_FORMAT = dwarf;
				ENABLE_STRICT_OBJC_MSGSEND = YES;
				ENABLE_TESTABILITY = YES;
				GCC_C_LANGUAGE_STANDARD = gnu99;
				GCC_DYNAMIC_NO_PIC = NO;
				GCC_NO_COMMON_BLOCKS = YES;
				GCC_OPTIMIZATION_LEVEL = 0;
				GCC_PREPROCESSOR_DEFINITIONS = (
					"DEBUG=1",
					"$(inherited)",
				);
				GCC_WARN_64_TO_32_BIT_CONVERSION = YES;
				GCC_WARN_ABOUT_RETURN_TYPE = YES_ERROR;
				GCC_WARN_UNDECLARED_SELECTOR = YES;
				GCC_WARN_UNINITIALIZED_AUTOS = YES_AGGRESSIVE;
				GCC_WARN_UNUSED_FUNCTION = YES;
				GCC_WARN_UNUSED_VARIABLE = YES;
				IPHONEOS_DEPLOYMENT_TARGET = 9.3;
				MTL_ENABLE_DEBUG_INFO = YES;
				ONLY_ACTIVE_ARCH = YES;
				SDKROOT = iphoneos;
				SWIFT_OPTIMIZATION_LEVEL = "-Onone";
				TARGETED_DEVICE_FAMILY = "1,2";
			};
			name = Debug;
		};
		9625F1F91CB8A224007D2041 /* Release */ = {
			isa = XCBuildConfiguration;
			buildSettings = {
				ALWAYS_SEARCH_USER_PATHS = NO;
				CLANG_ANALYZER_NONNULL = YES;
				CLANG_CXX_LANGUAGE_STANDARD = "gnu++0x";
				CLANG_CXX_LIBRARY = "libc++";
				CLANG_ENABLE_MODULES = YES;
				CLANG_ENABLE_OBJC_ARC = YES;
				CLANG_WARN_BOOL_CONVERSION = YES;
				CLANG_WARN_CONSTANT_CONVERSION = YES;
				CLANG_WARN_DIRECT_OBJC_ISA_USAGE = YES_ERROR;
				CLANG_WARN_EMPTY_BODY = YES;
				CLANG_WARN_ENUM_CONVERSION = YES;
				CLANG_WARN_INT_CONVERSION = YES;
				CLANG_WARN_OBJC_ROOT_CLASS = YES_ERROR;
				CLANG_WARN_UNREACHABLE_CODE = YES;
				CLANG_WARN__DUPLICATE_METHOD_MATCH = YES;
				"CODE_SIGN_IDENTITY[sdk=iphoneos*]" = "iPhone Developer";
				COPY_PHASE_STRIP = NO;
				DEBUG_INFORMATION_FORMAT = "dwarf-with-dsym";
				ENABLE_NS_ASSERTIONS = NO;
				ENABLE_STRICT_OBJC_MSGSEND = YES;
				GCC_C_LANGUAGE_STANDARD = gnu99;
				GCC_NO_COMMON_BLOCKS = YES;
				GCC_WARN_64_TO_32_BIT_CONVERSION = YES;
				GCC_WARN_ABOUT_RETURN_TYPE = YES_ERROR;
				GCC_WARN_UNDECLARED_SELECTOR = YES;
				GCC_WARN_UNINITIALIZED_AUTOS = YES_AGGRESSIVE;
				GCC_WARN_UNUSED_FUNCTION = YES;
				GCC_WARN_UNUSED_VARIABLE = YES;
				IPHONEOS_DEPLOYMENT_TARGET = 9.3;
				MTL_ENABLE_DEBUG_INFO = NO;
				SDKROOT = iphoneos;
				TARGETED_DEVICE_FAMILY = "1,2";
				VALIDATE_PRODUCT = YES;
			};
			name = Release;
		};
		9625F1FB1CB8A224007D2041 /* Debug */ = {
			isa = XCBuildConfiguration;
			buildSettings = {
				ASSETCATALOG_COMPILER_APPICON_NAME = AppIcon;
				CODE_SIGN_IDENTITY = "iPhone Developer";
				"CODE_SIGN_IDENTITY[sdk=iphoneos*]" = "iPhone Developer";
				INFOPLIST_FILE = BPM/Info.plist;
				IPHONEOS_DEPLOYMENT_TARGET = 9.0;
				LD_RUNPATH_SEARCH_PATHS = "$(inherited) @executable_path/Frameworks";
				PRODUCT_BUNDLE_IDENTIFIER = me.brianm.BPM;
				PRODUCT_NAME = "$(TARGET_NAME)";
				PROVISIONING_PROFILE = "";
				TARGETED_DEVICE_FAMILY = "1,2";
			};
			name = Debug;
		};
		9625F1FC1CB8A224007D2041 /* Release */ = {
			isa = XCBuildConfiguration;
			buildSettings = {
				ASSETCATALOG_COMPILER_APPICON_NAME = AppIcon;
				CODE_SIGN_IDENTITY = "iPhone Developer";
				"CODE_SIGN_IDENTITY[sdk=iphoneos*]" = "iPhone Developer";
				INFOPLIST_FILE = BPM/Info.plist;
				IPHONEOS_DEPLOYMENT_TARGET = 9.0;
				LD_RUNPATH_SEARCH_PATHS = "$(inherited) @executable_path/Frameworks";
				PRODUCT_BUNDLE_IDENTIFIER = me.brianm.BPM;
				PRODUCT_NAME = "$(TARGET_NAME)";
				PROVISIONING_PROFILE = "";
				TARGETED_DEVICE_FAMILY = "1,2";
			};
			name = Release;
		};
		9625F1FE1CB8A224007D2041 /* Debug */ = {
			isa = XCBuildConfiguration;
			buildSettings = {
				BUNDLE_LOADER = "$(TEST_HOST)";
				INFOPLIST_FILE = BPMTests/Info.plist;
				LD_RUNPATH_SEARCH_PATHS = "$(inherited) @executable_path/Frameworks @loader_path/Frameworks";
				PRODUCT_BUNDLE_IDENTIFIER = me.brianm.BPMTests;
				PRODUCT_NAME = "$(TARGET_NAME)";
				TEST_HOST = "$(BUILT_PRODUCTS_DIR)/BPM.app/BPM";
			};
			name = Debug;
		};
		9625F1FF1CB8A224007D2041 /* Release */ = {
			isa = XCBuildConfiguration;
			buildSettings = {
				BUNDLE_LOADER = "$(TEST_HOST)";
				INFOPLIST_FILE = BPMTests/Info.plist;
				LD_RUNPATH_SEARCH_PATHS = "$(inherited) @executable_path/Frameworks @loader_path/Frameworks";
				PRODUCT_BUNDLE_IDENTIFIER = me.brianm.BPMTests;
				PRODUCT_NAME = "$(TARGET_NAME)";
				TEST_HOST = "$(BUILT_PRODUCTS_DIR)/BPM.app/BPM";
			};
			name = Release;
		};
		9625F2011CB8A224007D2041 /* Debug */ = {
			isa = XCBuildConfiguration;
			buildSettings = {
				INFOPLIST_FILE = BPMUITests/Info.plist;
				LD_RUNPATH_SEARCH_PATHS = "$(inherited) @executable_path/Frameworks @loader_path/Frameworks";
				PRODUCT_BUNDLE_IDENTIFIER = me.brianm.BPMUITests;
				PRODUCT_NAME = "$(TARGET_NAME)";
				TEST_TARGET_NAME = BPM;
			};
			name = Debug;
		};
		9625F2021CB8A224007D2041 /* Release */ = {
			isa = XCBuildConfiguration;
			buildSettings = {
				INFOPLIST_FILE = BPMUITests/Info.plist;
				LD_RUNPATH_SEARCH_PATHS = "$(inherited) @executable_path/Frameworks @loader_path/Frameworks";
				PRODUCT_BUNDLE_IDENTIFIER = me.brianm.BPMUITests;
				PRODUCT_NAME = "$(TARGET_NAME)";
				TEST_TARGET_NAME = BPM;
			};
			name = Release;
		};
/* End XCBuildConfiguration section */

/* Begin XCConfigurationList section */
		9625F1CD1CB8A223007D2041 /* Build configuration list for PBXProject "BPM" */ = {
			isa = XCConfigurationList;
			buildConfigurations = (
				9625F1F81CB8A224007D2041 /* Debug */,
				9625F1F91CB8A224007D2041 /* Release */,
			);
			defaultConfigurationIsVisible = 0;
			defaultConfigurationName = Release;
		};
		9625F1FA1CB8A224007D2041 /* Build configuration list for PBXNativeTarget "BPM" */ = {
			isa = XCConfigurationList;
			buildConfigurations = (
				9625F1FB1CB8A224007D2041 /* Debug */,
				9625F1FC1CB8A224007D2041 /* Release */,
			);
			defaultConfigurationIsVisible = 0;
			defaultConfigurationName = Release;
		};
		9625F1FD1CB8A224007D2041 /* Build configuration list for PBXNativeTarget "BPMTests" */ = {
			isa = XCConfigurationList;
			buildConfigurations = (
				9625F1FE1CB8A224007D2041 /* Debug */,
				9625F1FF1CB8A224007D2041 /* Release */,
			);
			defaultConfigurationIsVisible = 0;
			defaultConfigurationName = Release;
		};
		9625F2001CB8A224007D2041 /* Build configuration list for PBXNativeTarget "BPMUITests" */ = {
			isa = XCConfigurationList;
			buildConfigurations = (
				9625F2011CB8A224007D2041 /* Debug */,
				9625F2021CB8A224007D2041 /* Release */,
			);
			defaultConfigurationIsVisible = 0;
			defaultConfigurationName = Release;
		};
/* End XCConfigurationList section */
	};
	rootObject = 9625F1CA1CB8A223007D2041 /* Project object */;
}
